// !$*UTF8*$!
{
	archiveVersion = 1;
	classes = {
	};
	objectVersion = 50;
	objects = {

/* Begin PBXBuildFile section */
		ADFDE95C24077843008D3260 /* AppDelegate.swift in Sources */ = {isa = PBXBuildFile; fileRef = ADFDE95B24077843008D3260 /* AppDelegate.swift */; };
		ADFDE95E24077843008D3260 /* SceneDelegate.swift in Sources */ = {isa = PBXBuildFile; fileRef = ADFDE95D24077843008D3260 /* SceneDelegate.swift */; };
		ADFDE96024077843008D3260 /* ViewController.swift in Sources */ = {isa = PBXBuildFile; fileRef = ADFDE95F24077843008D3260 /* ViewController.swift */; };
		ADFDE96324077843008D3260 /* Main.storyboard in Resources */ = {isa = PBXBuildFile; fileRef = ADFDE96124077843008D3260 /* Main.storyboard */; };
		ADFDE96624077843008D3260 /* CoreDataTestApp.xcdatamodeld in Sources */ = {isa = PBXBuildFile; fileRef = ADFDE96424077843008D3260 /* CoreDataTestApp.xcdatamodeld */; };
		ADFDE96824077845008D3260 /* Assets.xcassets in Resources */ = {isa = PBXBuildFile; fileRef = ADFDE96724077845008D3260 /* Assets.xcassets */; };
		ADFDE96B24077845008D3260 /* LaunchScreen.storyboard in Resources */ = {isa = PBXBuildFile; fileRef = ADFDE96924077845008D3260 /* LaunchScreen.storyboard */; };
/* End PBXBuildFile section */

/* Begin PBXFileReference section */
		ADFDE95824077843008D3260 /* CoreDataTestApp.app */ = {isa = PBXFileReference; explicitFileType = wrapper.application; includeInIndex = 0; path = CoreDataTestApp.app; sourceTree = BUILT_PRODUCTS_DIR; };
		ADFDE95B24077843008D3260 /* AppDelegate.swift */ = {isa = PBXFileReference; lastKnownFileType = sourcecode.swift; path = AppDelegate.swift; sourceTree = "<group>"; };
		ADFDE95D24077843008D3260 /* SceneDelegate.swift */ = {isa = PBXFileReference; lastKnownFileType = sourcecode.swift; path = SceneDelegate.swift; sourceTree = "<group>"; };
		ADFDE95F24077843008D3260 /* ViewController.swift */ = {isa = PBXFileReference; lastKnownFileType = sourcecode.swift; path = ViewController.swift; sourceTree = "<group>"; };
		ADFDE96224077843008D3260 /* Base */ = {isa = PBXFileReference; lastKnownFileType = file.storyboard; name = Base; path = Base.lproj/Main.storyboard; sourceTree = "<group>"; };
		ADFDE96524077843008D3260 /* CoreDataTestApp.xcdatamodel */ = {isa = PBXFileReference; lastKnownFileType = wrapper.xcdatamodel; path = CoreDataTestApp.xcdatamodel; sourceTree = "<group>"; };
		ADFDE96724077845008D3260 /* Assets.xcassets */ = {isa = PBXFileReference; lastKnownFileType = folder.assetcatalog; path = Assets.xcassets; sourceTree = "<group>"; };
		ADFDE96A24077845008D3260 /* Base */ = {isa = PBXFileReference; lastKnownFileType = file.storyboard; name = Base; path = Base.lproj/LaunchScreen.storyboard; sourceTree = "<group>"; };
		ADFDE96C24077845008D3260 /* Info.plist */ = {isa = PBXFileReference; lastKnownFileType = text.plist.xml; path = Info.plist; sourceTree = "<group>"; };
/* End PBXFileReference section */

/* Begin PBXFrameworksBuildPhase section */
		ADFDE95524077843008D3260 /* Frameworks */ = {
			isa = PBXFrameworksBuildPhase;
			buildActionMask = 2147483647;
			files = (
			);
			runOnlyForDeploymentPostprocessing = 0;
		};
/* End PBXFrameworksBuildPhase section */

/* Begin PBXGroup section */
		ADFDE94F24077843008D3260 = {
			isa = PBXGroup;
			children = (
				ADFDE95A24077843008D3260 /* CoreDataTestApp */,
				ADFDE95924077843008D3260 /* Products */,
			);
			sourceTree = "<group>";
		};
		ADFDE95924077843008D3260 /* Products */ = {
			isa = PBXGroup;
			children = (
				ADFDE95824077843008D3260 /* CoreDataTestApp.app */,
			);
			name = Products;
			sourceTree = "<group>";
		};
		ADFDE95A24077843008D3260 /* CoreDataTestApp */ = {
			isa = PBXGroup;
			children = (
				ADFDE95B24077843008D3260 /* AppDelegate.swift */,
				ADFDE95D24077843008D3260 /* SceneDelegate.swift */,
				ADFDE95F24077843008D3260 /* ViewController.swift */,
				ADFDE96124077843008D3260 /* Main.storyboard */,
				ADFDE96724077845008D3260 /* Assets.xcassets */,
				ADFDE96924077845008D3260 /* LaunchScreen.storyboard */,
				ADFDE96C24077845008D3260 /* Info.plist */,
				ADFDE96424077843008D3260 /* CoreDataTestApp.xcdatamodeld */,
			);
			path = CoreDataTestApp;
			sourceTree = "<group>";
		};
/* End PBXGroup section */

/* Begin PBXNativeTarget section */
		ADFDE95724077843008D3260 /* CoreDataTestApp */ = {
			isa = PBXNativeTarget;
			buildConfigurationList = ADFDE96F24077845008D3260 /* Build configuration list for PBXNativeTarget "CoreDataTestApp" */;
			buildPhases = (
				ADFDE95424077843008D3260 /* Sources */,
				ADFDE95524077843008D3260 /* Frameworks */,
				ADFDE95624077843008D3260 /* Resources */,
			);
			buildRules = (
			);
			dependencies = (
			);
			name = CoreDataTestApp;
			productName = CoreDataTestApp;
			productReference = ADFDE95824077843008D3260 /* CoreDataTestApp.app */;
			productType = "com.apple.product-type.application";
		};
/* End PBXNativeTarget section */

/* Begin PBXProject section */
		ADFDE95024077843008D3260 /* Project object */ = {
			isa = PBXProject;
			attributes = {
				LastSwiftUpdateCheck = 1130;
				LastUpgradeCheck = 1130;
				ORGANIZATIONNAME = "Adnan Abdulai";
				TargetAttributes = {
					ADFDE95724077843008D3260 = {
						CreatedOnToolsVersion = 11.3.1;
					};
				};
			};
			buildConfigurationList = ADFDE95324077843008D3260 /* Build configuration list for PBXProject "CoreDataTestApp" */;
			compatibilityVersion = "Xcode 9.3";
			developmentRegion = en;
			hasScannedForEncodings = 0;
			knownRegions = (
				en,
				Base,
			);
			mainGroup = ADFDE94F24077843008D3260;
			productRefGroup = ADFDE95924077843008D3260 /* Products */;
			projectDirPath = "";
			projectRoot = "";
			targets = (
				ADFDE95724077843008D3260 /* CoreDataTestApp */,
			);
		};
/* End PBXProject section */

/* Begin PBXResourcesBuildPhase section */
		ADFDE95624077843008D3260 /* Resources */ = {
			isa = PBXResourcesBuildPhase;
			buildActionMask = 2147483647;
			files = (
				ADFDE96B24077845008D3260 /* LaunchScreen.storyboard in Resources */,
				ADFDE96824077845008D3260 /* Assets.xcassets in Resources */,
				ADFDE96324077843008D3260 /* Main.storyboard in Resources */,
			);
			runOnlyForDeploymentPostprocessing = 0;
		};
/* End PBXResourcesBuildPhase section */

/* Begin PBXSourcesBuildPhase section */
		ADFDE95424077843008D3260 /* Sources */ = {
			isa = PBXSourcesBuildPhase;
			buildActionMask = 2147483647;
			files = (
				ADFDE96624077843008D3260 /* CoreDataTestApp.xcdatamodeld in Sources */,
				ADFDE96024077843008D3260 /* ViewController.swift in Sources */,
				ADFDE95C24077843008D3260 /* AppDelegate.swift in Sources */,
				ADFDE95E24077843008D3260 /* SceneDelegate.swift in Sources */,
			);
			runOnlyForDeploymentPostprocessing = 0;
		};
/* End PBXSourcesBuildPhase section */

/* Begin PBXVariantGroup section */
		ADFDE96124077843008D3260 /* Main.storyboard */ = {
			isa = PBXVariantGroup;
			children = (
				ADFDE96224077843008D3260 /* Base */,
			);
			name = Main.storyboard;
			sourceTree = "<group>";
		};
		ADFDE96924077845008D3260 /* LaunchScreen.storyboard */ = {
			isa = PBXVariantGroup;
			children = (
				ADFDE96A24077845008D3260 /* Base */,
			);
			name = LaunchScreen.storyboard;
			sourceTree = "<group>";
		};
/* End PBXVariantGroup section */

/* Begin XCBuildConfiguration section */
		ADFDE96D24077845008D3260 /* Debug */ = {
			isa = XCBuildConfiguration;
			buildSettings = {
				ALWAYS_SEARCH_USER_PATHS = NO;
				CLANG_ANALYZER_NONNULL = YES;
				CLANG_ANALYZER_NUMBER_OBJECT_CONVERSION = YES_AGGRESSIVE;
				CLANG_CXX_LANGUAGE_STANDARD = "gnu++14";
				CLANG_CXX_LIBRARY = "libc++";
				CLANG_ENABLE_MODULES = YES;
				CLANG_ENABLE_OBJC_ARC = YES;
				CLANG_ENABLE_OBJC_WEAK = YES;
				CLANG_WARN_BLOCK_CAPTURE_AUTORELEASING = YES;
				CLANG_WARN_BOOL_CONVERSION = YES;
				CLANG_WARN_COMMA = YES;
				CLANG_WARN_CONSTANT_CONVERSION = YES;
				CLANG_WARN_DEPRECATED_OBJC_IMPLEMENTATIONS = YES;
				CLANG_WARN_DIRECT_OBJC_ISA_USAGE = YES_ERROR;
				CLANG_WARN_DOCUMENTATION_COMMENTS = YES;
				CLANG_WARN_EMPTY_BODY = YES;
				CLANG_WARN_ENUM_CONVERSION = YES;
				CLANG_WARN_INFINITE_RECURSION = YES;
				CLANG_WARN_INT_CONVERSION = YES;
				CLANG_WARN_NON_LITERAL_NULL_CONVERSION = YES;
				CLANG_WARN_OBJC_IMPLICIT_RETAIN_SELF = YES;
				CLANG_WARN_OBJC_LITERAL_CONVERSION = YES;
				CLANG_WARN_OBJC_ROOT_CLASS = YES_ERROR;
				CLANG_WARN_RANGE_LOOP_ANALYSIS = YES;
				CLANG_WARN_STRICT_PROTOTYPES = YES;
				CLANG_WARN_SUSPICIOUS_MOVE = YES;
				CLANG_WARN_UNGUARDED_AVAILABILITY = YES_AGGRESSIVE;
				CLANG_WARN_UNREACHABLE_CODE = YES;
				CLANG_WARN__DUPLICATE_METHOD_MATCH = YES;
				COPY_PHASE_STRIP = NO;
				DEBUG_INFORMATION_FORMAT = dwarf;
				ENABLE_STRICT_OBJC_MSGSEND = YES;
				ENABLE_TESTABILITY = YES;
				GCC_C_LANGUAGE_STANDARD = gnu11;
				GCC_DYNAMIC_NO_PIC = NO;
				GCC_NO_COMMON_BLOCKS = YES;
				GCC_OPTIMIZATION_LEVEL = 0;
				GCC_PREPROCESSOR_DEFINITIONS = (
					"DEBUG=1",
					"$(inherited)",
				);
				GCC_WARN_64_TO_32_BIT_CONVERSION = YES;
				GCC_WARN_ABOUT_RETURN_TYPE = YES_ERROR;
				GCC_WARN_UNDECLARED_SELECTOR = YES;
				GCC_WARN_UNINITIALIZED_AUTOS = YES_AGGRESSIVE;
				GCC_WARN_UNUSED_FUNCTION = YES;
				GCC_WARN_UNUSED_VARIABLE = YES;
				IPHONEOS_DEPLOYMENT_TARGET = 13.2;
				MTL_ENABLE_DEBUG_INFO = INCLUDE_SOURCE;
				MTL_FAST_MATH = YES;
				ONLY_ACTIVE_ARCH = YES;
				SDKROOT = iphoneos;
				SWIFT_ACTIVE_COMPILATION_CONDITIONS = DEBUG;
				SWIFT_OPTIMIZATION_LEVEL = "-Onone";
			};
			name = Debug;
		};
		ADFDE96E24077845008D3260 /* Release */ = {
			isa = XCBuildConfiguration;
			buildSettings = {
				ALWAYS_SEARCH_USER_PATHS = NO;
				CLANG_ANALYZER_NONNULL = YES;
				CLANG_ANALYZER_NUMBER_OBJECT_CONVERSION = YES_AGGRESSIVE;
				CLANG_CXX_LANGUAGE_STANDARD = "gnu++14";
				CLANG_CXX_LIBRARY = "libc++";
				CLANG_ENABLE_MODULES = YES;
				CLANG_ENABLE_OBJC_ARC = YES;
				CLANG_ENABLE_OBJC_WEAK = YES;
				CLANG_WARN_BLOCK_CAPTURE_AUTORELEASING = YES;
				CLANG_WARN_BOOL_CONVERSION = YES;
				CLANG_WARN_COMMA = YES;
				CLANG_WARN_CONSTANT_CONVERSION = YES;
				CLANG_WARN_DEPRECATED_OBJC_IMPLEMENTATIONS = YES;
				CLANG_WARN_DIRECT_OBJC_ISA_USAGE = YES_ERROR;
				CLANG_WARN_DOCUMENTATION_COMMENTS = YES;
				CLANG_WARN_EMPTY_BODY = YES;
				CLANG_WARN_ENUM_CONVERSION = YES;
				CLANG_WARN_INFINITE_RECURSION = YES;
				CLANG_WARN_INT_CONVERSION = YES;
				CLANG_WARN_NON_LITERAL_NULL_CONVERSION = YES;
				CLANG_WARN_OBJC_IMPLICIT_RETAIN_SELF = YES;
				CLANG_WARN_OBJC_LITERAL_CONVERSION = YES;
				CLANG_WARN_OBJC_ROOT_CLASS = YES_ERROR;
				CLANG_WARN_RANGE_LOOP_ANALYSIS = YES;
				CLANG_WARN_STRICT_PROTOTYPES = YES;
				CLANG_WARN_SUSPICIOUS_MOVE = YES;
				CLANG_WARN_UNGUARDED_AVAILABILITY = YES_AGGRESSIVE;
				CLANG_WARN_UNREACHABLE_CODE = YES;
				CLANG_WARN__DUPLICATE_METHOD_MATCH = YES;
				COPY_PHASE_STRIP = NO;
				DEBUG_INFORMATION_FORMAT = "dwarf-with-dsym";
				ENABLE_NS_ASSERTIONS = NO;
				ENABLE_STRICT_OBJC_MSGSEND = YES;
				GCC_C_LANGUAGE_STANDARD = gnu11;
				GCC_NO_COMMON_BLOCKS = YES;
				GCC_WARN_64_TO_32_BIT_CONVERSION = YES;
				GCC_WARN_ABOUT_RETURN_TYPE = YES_ERROR;
				GCC_WARN_UNDECLARED_SELECTOR = YES;
				GCC_WARN_UNINITIALIZED_AUTOS = YES_AGGRESSIVE;
				GCC_WARN_UNUSED_FUNCTION = YES;
				GCC_WARN_UNUSED_VARIABLE = YES;
				IPHONEOS_DEPLOYMENT_TARGET = 13.2;
				MTL_ENABLE_DEBUG_INFO = NO;
				MTL_FAST_MATH = YES;
				SDKROOT = iphoneos;
				SWIFT_COMPILATION_MODE = wholemodule;
				SWIFT_OPTIMIZATION_LEVEL = "-O";
				VALIDATE_PRODUCT = YES;
			};
			name = Release;
		};
		ADFDE97024077845008D3260 /* Debug */ = {
			isa = XCBuildConfiguration;
			buildSettings = {
				ASSETCATALOG_COMPILER_APPICON_NAME = AppIcon;
				CODE_SIGN_STYLE = Automatic;
				DEVELOPMENT_TEAM = DNT3ZRB35C;
				INFOPLIST_FILE = CoreDataTestApp/Info.plist;
				LD_RUNPATH_SEARCH_PATHS = (
					"$(inherited)",
					"@executable_path/Frameworks",
				);
				PRODUCT_BUNDLE_IDENTIFIER = com.emilshouse.CoreDataTestApp;
				PRODUCT_NAME = "$(TARGET_NAME)";
				SWIFT_VERSION = 5.0;
				TARGETED_DEVICE_FAMILY = "1,2";
			};
			name = Debug;
		};
		ADFDE97124077845008D3260 /* Release */ = {
			isa = XCBuildConfiguration;
			buildSettings = {
				ASSETCATALOG_COMPILER_APPICON_NAME = AppIcon;
				CODE_SIGN_STYLE = Automatic;
				DEVELOPMENT_TEAM = DNT3ZRB35C;
				INFOPLIST_FILE = CoreDataTestApp/Info.plist;
				LD_RUNPATH_SEARCH_PATHS = (
					"$(inherited)",
					"@executable_path/Frameworks",
				);
				PRODUCT_BUNDLE_IDENTIFIER = com.emilshouse.CoreDataTestApp;
				PRODUCT_NAME = "$(TARGET_NAME)";
				SWIFT_VERSION = 5.0;
				TARGETED_DEVICE_FAMILY = "1,2";
			};
			name = Release;
		};
/* End XCBuildConfiguration section */

/* Begin XCConfigurationList section */
		ADFDE95324077843008D3260 /* Build configuration list for PBXProject "CoreDataTestApp" */ = {
			isa = XCConfigurationList;
			buildConfigurations = (
				ADFDE96D24077845008D3260 /* Debug */,
				ADFDE96E24077845008D3260 /* Release */,
			);
			defaultConfigurationIsVisible = 0;
			defaultConfigurationName = Release;
		};
		ADFDE96F24077845008D3260 /* Build configuration list for PBXNativeTarget "CoreDataTestApp" */ = {
			isa = XCConfigurationList;
			buildConfigurations = (
				ADFDE97024077845008D3260 /* Debug */,
				ADFDE97124077845008D3260 /* Release */,
			);
			defaultConfigurationIsVisible = 0;
			defaultConfigurationName = Release;
		};
/* End XCConfigurationList section */

/* Begin XCVersionGroup section */
		ADFDE96424077843008D3260 /* CoreDataTestApp.xcdatamodeld */ = {
			isa = XCVersionGroup;
			children = (
				ADFDE96524077843008D3260 /* CoreDataTestApp.xcdatamodel */,
			);
			currentVersion = ADFDE96524077843008D3260 /* CoreDataTestApp.xcdatamodel */;
			path = CoreDataTestApp.xcdatamodeld;
			sourceTree = "<group>";
			versionGroupType = wrapper.xcdatamodel;
		};
/* End XCVersionGroup section */
	};
	rootObject = ADFDE95024077843008D3260 /* Project object */;
}
